
Microsoft Visual Studio Solution File, Format Version 11.00
# Visual Studio 2010
Project("{FAE04EC0-301F-11D3-BF4B-00C04F79EFBC}") = "UnityEngine.UI", "UnityEngine.UI.csproj", "{53f74886-fec6-9e19-6235-09b45433f8f1}"
EndProject
Project("{FAE04EC0-301F-11D3-BF4B-00C04F79EFBC}") = "Unity.RenderPipelines.Core.Runtime", "Unity.RenderPipelines.Core.Runtime.csproj", "{877b65e4-721a-7e6a-3bb6-762270c401b1}"
EndProject
Project("{FAE04EC0-301F-11D3-BF4B-00C04F79EFBC}") = "UnityEngine.TestRunner", "UnityEngine.TestRunner.csproj", "{511b9b8f-456d-444d-f505-2991e8894d27}"
EndProject
Project("{FAE04EC0-301F-11D3-BF4B-00C04F79EFBC}") = "Unity.Mathematics", "Unity.Mathematics.csproj", "{1940fd18-9e1d-82b6-79bd-e81945caaa40}"
EndProject
Project("{FAE04EC0-301F-11D3-BF4B-00C04F79EFBC}") = "Unity.Timeline", "Unity.Timeline.csproj", "{68bd1d69-d811-9a26-d1f6-576021702e6d}"
EndProject
Project("{FAE04EC0-301F-11D3-BF4B-00C04F79EFBC}") = "Unity.RenderPipelines.Universal.Runtime", "Unity.RenderPipelines.Universal.Runtime.csproj", "{4d5f55ca-237a-028c-122e-8ad90633e9b5}"
EndProject
Project("{FAE04EC0-301F-11D3-BF4B-00C04F79EFBC}") = "Unity.TextMeshPro", "Unity.TextMeshPro.csproj", "{bdd70174-e26a-b9b8-3575-58b8837c3e34}"
EndProject
Project("{FAE04EC0-301F-11D3-BF4B-00C04F79EFBC}") = "Unity.RenderPipelines.Core.ShaderLibrary", "Unity.RenderPipelines.Core.ShaderLibrary.csproj", "{d8a63d5f-5a21-f34f-ba78-ff103ed11025}"
EndProject
Project("{FAE04EC0-301F-11D3-BF4B-00C04F79EFBC}") = "Assembly-CSharp", "Assembly-CSharp.csproj", "{ebac871b-99de-f4b0-26c4-b4dc9430a566}"
EndProject
Project("{FAE04EC0-301F-11D3-BF4B-00C04F79EFBC}") = "Unity.RenderPipelines.Universal.Shaders", "Unity.RenderPipelines.Universal.Shaders.csproj", "{4f1e3a23-6102-4b9b-57ea-99c9f09a3076}"
EndProject
Project("{FAE04EC0-301F-11D3-BF4B-00C04F79EFBC}") = "Unity.RenderPipelines.ShaderGraph.ShaderGraphLibrary", "Unity.RenderPipelines.ShaderGraph.ShaderGraphLibrary.csproj", "{f4d8de8a-0fa6-fef7-1f10-dedd56f7b8fb}"
EndProject
Project("{FAE04EC0-301F-11D3-BF4B-00C04F79EFBC}") = "Unity.RenderPipeline.Universal.ShaderLibrary", "Unity.RenderPipeline.Universal.ShaderLibrary.csproj", "{1419a8dc-1c1d-3222-c931-63a58fde5bb1}"
EndProject
Project("{FAE04EC0-301F-11D3-BF4B-00C04F79EFBC}") = "UnityEditor.TestRunner", "UnityEditor.TestRunner.csproj", "{199324db-b9d4-9e2b-4f2e-92300c408cee}"
EndProject
Project("{FAE04EC0-301F-11D3-BF4B-00C04F79EFBC}") = "Unity.ShaderGraph.Editor", "Unity.ShaderGraph.Editor.csproj", "{99327287-8860-b8d7-8342-632db9853741}"
EndProject
Project("{FAE04EC0-301F-11D3-BF4B-00C04F79EFBC}") = "UnityEditor.UI", "UnityEditor.UI.csproj", "{3daea6c0-a28a-e611-21ef-1bb49cd65922}"
EndProject
Project("{FAE04EC0-301F-11D3-BF4B-00C04F79EFBC}") = "Unity.VisualStudio.Editor", "Unity.VisualStudio.Editor.csproj", "{4814b4c1-a321-25b4-f677-e7e7db046443}"
EndProject
Project("{FAE04EC0-301F-11D3-BF4B-00C04F79EFBC}") = "Unity.Timeline.Editor", "Unity.Timeline.Editor.csproj", "{ec4747c7-b95d-3e18-00bd-ee4e32ff72e1}"
EndProject
Project("{FAE04EC0-301F-11D3-BF4B-00C04F79EFBC}") = "Unity.TextMeshPro.Editor", "Unity.TextMeshPro.Editor.csproj", "{b4423022-aa73-7caf-f52f-a76c91b55934}"
EndProject
Project("{FAE04EC0-301F-11D3-BF4B-00C04F79EFBC}") = "Unity.RenderPipelines.Core.Editor", "Unity.RenderPipelines.Core.Editor.csproj", "{ae83d802-5961-b7e2-5afa-2a84567793d9}"
EndProject
Project("{FAE04EC0-301F-11D3-BF4B-00C04F79EFBC}") = "Unity.CollabProxy.Editor", "Unity.CollabProxy.Editor.csproj", "{60331893-14a8-1b40-4817-8c1ca98b62f5}"
EndProject
Project("{FAE04EC0-301F-11D3-BF4B-00C04F79EFBC}") = "Unity.ShaderGraph.Utilities", "Unity.ShaderGraph.Utilities.csproj", "{4374ae5e-2cdb-5be8-0f93-260a4dc50f66}"
EndProject
Project("{FAE04EC0-301F-11D3-BF4B-00C04F79EFBC}") = "Unity.RenderPipelines.Universal.Editor", "Unity.RenderPipelines.Universal.Editor.csproj", "{e3bf8eda-6172-7e48-7eb8-eda00f05cf8e}"
EndProject
Project("{FAE04EC0-301F-11D3-BF4B-00C04F79EFBC}") = "Unity.Rider.Editor", "Unity.Rider.Editor.csproj", "{6720ede8-3dd6-b26c-e794-9ef985ffc8f5}"
EndProject
Project("{FAE04EC0-301F-11D3-BF4B-00C04F79EFBC}") = "Unity.Searcher.Editor", "Unity.Searcher.Editor.csproj", "{17d12d5d-b9e2-e394-b8ea-eab748a50f1f}"
EndProject
Project("{FAE04EC0-301F-11D3-BF4B-00C04F79EFBC}") = "Unity.VSCode.Editor", "Unity.VSCode.Editor.csproj", "{df6615a7-3e7c-29c5-9cab-37947c165fba}"
EndProject
Project("{FAE04EC0-301F-11D3-BF4B-00C04F79EFBC}") = "Unity.Mathematics.Editor", "Unity.Mathematics.Editor.csproj", "{76a7a56b-7e6c-e343-348a-88c0ce0dbaba}"
EndProject
Global
	GlobalSection(SolutionConfigurationPlatforms) = preSolution
		Debug|Any CPU = Debug|Any CPU
		Release|Any CPU = Release|Any CPU
	EndGlobalSection
	GlobalSection(ProjectConfigurationPlatforms) = postSolution
		{53f74886-fec6-9e19-6235-09b45433f8f1}.Debug|Any CPU.ActiveCfg = Debug|Any CPU
		{53f74886-fec6-9e19-6235-09b45433f8f1}.Debug|Any CPU.Build.0 = Debug|Any CPU
		{53f74886-fec6-9e19-6235-09b45433f8f1}.Release|Any CPU.ActiveCfg = Release|Any CPU
		{53f74886-fec6-9e19-6235-09b45433f8f1}.Release|Any CPU.Build.0 = Release|Any CPU
		{877b65e4-721a-7e6a-3bb6-762270c401b1}.Debug|Any CPU.ActiveCfg = Debug|Any CPU
		{877b65e4-721a-7e6a-3bb6-762270c401b1}.Debug|Any CPU.Build.0 = Debug|Any CPU
		{877b65e4-721a-7e6a-3bb6-762270c401b1}.Release|Any CPU.ActiveCfg = Release|Any CPU
		{877b65e4-721a-7e6a-3bb6-762270c401b1}.Release|Any CPU.Build.0 = Release|Any CPU
		{511b9b8f-456d-444d-f505-2991e8894d27}.Debug|Any CPU.ActiveCfg = Debug|Any CPU
		{511b9b8f-456d-444d-f505-2991e8894d27}.Debug|Any CPU.Build.0 = Debug|Any CPU
		{511b9b8f-456d-444d-f505-2991e8894d27}.Release|Any CPU.ActiveCfg = Release|Any CPU
		{511b9b8f-456d-444d-f505-2991e8894d27}.Release|Any CPU.Build.0 = Release|Any CPU
		{1940fd18-9e1d-82b6-79bd-e81945caaa40}.Debug|Any CPU.ActiveCfg = Debug|Any CPU
		{1940fd18-9e1d-82b6-79bd-e81945caaa40}.Debug|Any CPU.Build.0 = Debug|Any CPU
		{1940fd18-9e1d-82b6-79bd-e81945caaa40}.Release|Any CPU.ActiveCfg = Release|Any CPU
		{1940fd18-9e1d-82b6-79bd-e81945caaa40}.Release|Any CPU.Build.0 = Release|Any CPU
		{68bd1d69-d811-9a26-d1f6-576021702e6d}.Debug|Any CPU.ActiveCfg = Debug|Any CPU
		{68bd1d69-d811-9a26-d1f6-576021702e6d}.Debug|Any CPU.Build.0 = Debug|Any CPU
		{68bd1d69-d811-9a26-d1f6-576021702e6d}.Release|Any CPU.ActiveCfg = Release|Any CPU
		{68bd1d69-d811-9a26-d1f6-576021702e6d}.Release|Any CPU.Build.0 = Release|Any CPU
		{4d5f55ca-237a-028c-122e-8ad90633e9b5}.Debug|Any CPU.ActiveCfg = Debug|Any CPU
		{4d5f55ca-237a-028c-122e-8ad90633e9b5}.Debug|Any CPU.Build.0 = Debug|Any CPU
		{4d5f55ca-237a-028c-122e-8ad90633e9b5}.Release|Any CPU.ActiveCfg = Release|Any CPU
		{4d5f55ca-237a-028c-122e-8ad90633e9b5}.Release|Any CPU.Build.0 = Release|Any CPU
		{bdd70174-e26a-b9b8-3575-58b8837c3e34}.Debug|Any CPU.ActiveCfg = Debug|Any CPU
		{bdd70174-e26a-b9b8-3575-58b8837c3e34}.Debug|Any CPU.Build.0 = Debug|Any CPU
		{bdd70174-e26a-b9b8-3575-58b8837c3e34}.Release|Any CPU.ActiveCfg = Release|Any CPU
		{bdd70174-e26a-b9b8-3575-58b8837c3e34}.Release|Any CPU.Build.0 = Release|Any CPU
		{d8a63d5f-5a21-f34f-ba78-ff103ed11025}.Debug|Any CPU.ActiveCfg = Debug|Any CPU
		{d8a63d5f-5a21-f34f-ba78-ff103ed11025}.Debug|Any CPU.Build.0 = Debug|Any CPU
		{d8a63d5f-5a21-f34f-ba78-ff103ed11025}.Release|Any CPU.ActiveCfg = Release|Any CPU
		{d8a63d5f-5a21-f34f-ba78-ff103ed11025}.Release|Any CPU.Build.0 = Release|Any CPU
		{ebac871b-99de-f4b0-26c4-b4dc9430a566}.Debug|Any CPU.ActiveCfg = Debug|Any CPU
		{ebac871b-99de-f4b0-26c4-b4dc9430a566}.Debug|Any CPU.Build.0 = Debug|Any CPU
		{ebac871b-99de-f4b0-26c4-b4dc9430a566}.Release|Any CPU.ActiveCfg = Release|Any CPU
		{ebac871b-99de-f4b0-26c4-b4dc9430a566}.Release|Any CPU.Build.0 = Release|Any CPU
		{4f1e3a23-6102-4b9b-57ea-99c9f09a3076}.Debug|Any CPU.ActiveCfg = Debug|Any CPU
		{4f1e3a23-6102-4b9b-57ea-99c9f09a3076}.Debug|Any CPU.Build.0 = Debug|Any CPU
		{4f1e3a23-6102-4b9b-57ea-99c9f09a3076}.Release|Any CPU.ActiveCfg = Release|Any CPU
		{4f1e3a23-6102-4b9b-57ea-99c9f09a3076}.Release|Any CPU.Build.0 = Release|Any CPU
		{f4d8de8a-0fa6-fef7-1f10-dedd56f7b8fb}.Debug|Any CPU.ActiveCfg = Debug|Any CPU
		{f4d8de8a-0fa6-fef7-1f10-dedd56f7b8fb}.Debug|Any CPU.Build.0 = Debug|Any CPU
		{f4d8de8a-0fa6-fef7-1f10-dedd56f7b8fb}.Release|Any CPU.ActiveCfg = Release|Any CPU
		{f4d8de8a-0fa6-fef7-1f10-dedd56f7b8fb}.Release|Any CPU.Build.0 = Release|Any CPU
		{1419a8dc-1c1d-3222-c931-63a58fde5bb1}.Debug|Any CPU.ActiveCfg = Debug|Any CPU
		{1419a8dc-1c1d-3222-c931-63a58fde5bb1}.Debug|Any CPU.Build.0 = Debug|Any CPU
		{1419a8dc-1c1d-3222-c931-63a58fde5bb1}.Release|Any CPU.ActiveCfg = Release|Any CPU
		{1419a8dc-1c1d-3222-c931-63a58fde5bb1}.Release|Any CPU.Build.0 = Release|Any CPU
		{199324db-b9d4-9e2b-4f2e-92300c408cee}.Debug|Any CPU.ActiveCfg = Debug|Any CPU
		{199324db-b9d4-9e2b-4f2e-92300c408cee}.Debug|Any CPU.Build.0 = Debug|Any CPU
		{199324db-b9d4-9e2b-4f2e-92300c408cee}.Release|Any CPU.ActiveCfg = Release|Any CPU
		{199324db-b9d4-9e2b-4f2e-92300c408cee}.Release|Any CPU.Build.0 = Release|Any CPU
		{99327287-8860-b8d7-8342-632db9853741}.Debug|Any CPU.ActiveCfg = Debug|Any CPU
		{99327287-8860-b8d7-8342-632db9853741}.Debug|Any CPU.Build.0 = Debug|Any CPU
		{99327287-8860-b8d7-8342-632db9853741}.Release|Any CPU.ActiveCfg = Release|Any CPU
		{99327287-8860-b8d7-8342-632db9853741}.Release|Any CPU.Build.0 = Release|Any CPU
		{3daea6c0-a28a-e611-21ef-1bb49cd65922}.Debug|Any CPU.ActiveCfg = Debug|Any CPU
		{3daea6c0-a28a-e611-21ef-1bb49cd65922}.Debug|Any CPU.Build.0 = Debug|Any CPU
		{3daea6c0-a28a-e611-21ef-1bb49cd65922}.Release|Any CPU.ActiveCfg = Release|Any CPU
		{3daea6c0-a28a-e611-21ef-1bb49cd65922}.Release|Any CPU.Build.0 = Release|Any CPU
		{4814b4c1-a321-25b4-f677-e7e7db046443}.Debug|Any CPU.ActiveCfg = Debug|Any CPU
		{4814b4c1-a321-25b4-f677-e7e7db046443}.Debug|Any CPU.Build.0 = Debug|Any CPU
		{4814b4c1-a321-25b4-f677-e7e7db046443}.Release|Any CPU.ActiveCfg = Release|Any CPU
		{4814b4c1-a321-25b4-f677-e7e7db046443}.Release|Any CPU.Build.0 = Release|Any CPU
		{ec4747c7-b95d-3e18-00bd-ee4e32ff72e1}.Debug|Any CPU.ActiveCfg = Debug|Any CPU
		{ec4747c7-b95d-3e18-00bd-ee4e32ff72e1}.Debug|Any CPU.Build.0 = Debug|Any CPU
		{ec4747c7-b95d-3e18-00bd-ee4e32ff72e1}.Release|Any CPU.ActiveCfg = Release|Any CPU
		{ec4747c7-b95d-3e18-00bd-ee4e32ff72e1}.Release|Any CPU.Build.0 = Release|Any CPU
		{b4423022-aa73-7caf-f52f-a76c91b55934}.Debug|Any CPU.ActiveCfg = Debug|Any CPU
		{b4423022-aa73-7caf-f52f-a76c91b55934}.Debug|Any CPU.Build.0 = Debug|Any CPU
		{b4423022-aa73-7caf-f52f-a76c91b55934}.Release|Any CPU.ActiveCfg = Release|Any CPU
		{b4423022-aa73-7caf-f52f-a76c91b55934}.Release|Any CPU.Build.0 = Release|Any CPU
		{ae83d802-5961-b7e2-5afa-2a84567793d9}.Debug|Any CPU.ActiveCfg = Debug|Any CPU
		{ae83d802-5961-b7e2-5afa-2a84567793d9}.Debug|Any CPU.Build.0 = Debug|Any CPU
		{ae83d802-5961-b7e2-5afa-2a84567793d9}.Release|Any CPU.ActiveCfg = Release|Any CPU
		{ae83d802-5961-b7e2-5afa-2a84567793d9}.Release|Any CPU.Build.0 = Release|Any CPU
		{60331893-14a8-1b40-4817-8c1ca98b62f5}.Debug|Any CPU.ActiveCfg = Debug|Any CPU
		{60331893-14a8-1b40-4817-8c1ca98b62f5}.Debug|Any CPU.Build.0 = Debug|Any CPU
		{60331893-14a8-1b40-4817-8c1ca98b62f5}.Release|Any CPU.ActiveCfg = Release|Any CPU
		{60331893-14a8-1b40-4817-8c1ca98b62f5}.Release|Any CPU.Build.0 = Release|Any CPU
		{4374ae5e-2cdb-5be8-0f93-260a4dc50f66}.Debug|Any CPU.ActiveCfg = Debug|Any CPU
		{4374ae5e-2cdb-5be8-0f93-260a4dc50f66}.Debug|Any CPU.Build.0 = Debug|Any CPU
		{4374ae5e-2cdb-5be8-0f93-260a4dc50f66}.Release|Any CPU.ActiveCfg = Release|Any CPU
		{4374ae5e-2cdb-5be8-0f93-260a4dc50f66}.Release|Any CPU.Build.0 = Release|Any CPU
		{e3bf8eda-6172-7e48-7eb8-eda00f05cf8e}.Debug|Any CPU.ActiveCfg = Debug|Any CPU
		{e3bf8eda-6172-7e48-7eb8-eda00f05cf8e}.Debug|Any CPU.Build.0 = Debug|Any CPU
		{e3bf8eda-6172-7e48-7eb8-eda00f05cf8e}.Release|Any CPU.ActiveCfg = Release|Any CPU
		{e3bf8eda-6172-7e48-7eb8-eda00f05cf8e}.Release|Any CPU.Build.0 = Release|Any CPU
		{6720ede8-3dd6-b26c-e794-9ef985ffc8f5}.Debug|Any CPU.ActiveCfg = Debug|Any CPU
		{6720ede8-3dd6-b26c-e794-9ef985ffc8f5}.Debug|Any CPU.Build.0 = Debug|Any CPU
		{6720ede8-3dd6-b26c-e794-9ef985ffc8f5}.Release|Any CPU.ActiveCfg = Release|Any CPU
		{6720ede8-3dd6-b26c-e794-9ef985ffc8f5}.Release|Any CPU.Build.0 = Release|Any CPU
		{17d12d5d-b9e2-e394-b8ea-eab748a50f1f}.Debug|Any CPU.ActiveCfg = Debug|Any CPU
		{17d12d5d-b9e2-e394-b8ea-eab748a50f1f}.Debug|Any CPU.Build.0 = Debug|Any CPU
		{17d12d5d-b9e2-e394-b8ea-eab748a50f1f}.Release|Any CPU.ActiveCfg = Release|Any CPU
		{17d12d5d-b9e2-e394-b8ea-eab748a50f1f}.Release|Any CPU.Build.0 = Release|Any CPU
		{df6615a7-3e7c-29c5-9cab-37947c165fba}.Debug|Any CPU.ActiveCfg = Debug|Any CPU
		{df6615a7-3e7c-29c5-9cab-37947c165fba}.Debug|Any CPU.Build.0 = Debug|Any CPU
		{df6615a7-3e7c-29c5-9cab-37947c165fba}.Release|Any CPU.ActiveCfg = Release|Any CPU
		{df6615a7-3e7c-29c5-9cab-37947c165fba}.Release|Any CPU.Build.0 = Release|Any CPU
		{76a7a56b-7e6c-e343-348a-88c0ce0dbaba}.Debug|Any CPU.ActiveCfg = Debug|Any CPU
		{76a7a56b-7e6c-e343-348a-88c0ce0dbaba}.Debug|Any CPU.Build.0 = Debug|Any CPU
		{76a7a56b-7e6c-e343-348a-88c0ce0dbaba}.Release|Any CPU.ActiveCfg = Release|Any CPU
		{76a7a56b-7e6c-e343-348a-88c0ce0dbaba}.Release|Any CPU.Build.0 = Release|Any CPU
	EndGlobalSection
	GlobalSection(SolutionProperties) = preSolution
		HideSolutionNode = FALSE
	EndGlobalSection
EndGlobal
