
Microsoft Visual Studio Solution File, Format Version 11.00
# Visual Studio 2010
Project("{FAE04EC0-301F-11D3-BF4B-00C04F79EFBC}") = "Assembly-CSharp", "Assembly-CSharp.csproj", "{ebac871b-99de-f4b0-26c4-b4dc9430a566}"
EndProject
Project("{FAE04EC0-301F-11D3-BF4B-00C04F79EFBC}") = "Assembly-CSharp-Editor", "Assembly-CSharp-Editor.csproj", "{e1701c44-86ff-831e-b596-59be5c0e7552}"
EndProject
Global
	GlobalSection(SolutionConfigurationPlatforms) = preSolution
		Debug|Any CPU = Debug|Any CPU
	EndGlobalSection
	GlobalSection(ProjectConfigurationPlatforms) = postSolution
		{ebac871b-99de-f4b0-26c4-b4dc9430a566}.Debug|Any CPU.ActiveCfg = Debug|Any CPU
		{ebac871b-99de-f4b0-26c4-b4dc9430a566}.Debug|Any CPU.Build.0 = Debug|Any CPU
		{e1701c44-86ff-831e-b596-59be5c0e7552}.Debug|Any CPU.ActiveCfg = Debug|Any CPU
		{e1701c44-86ff-831e-b596-59be5c0e7552}.Debug|Any CPU.Build.0 = Debug|Any CPU
	EndGlobalSection
	GlobalSection(SolutionProperties) = preSolution
		HideSolutionNode = FALSE
	EndGlobalSection
EndGlobal
